// !$*UTF8*$!
{
	archiveVersion = 1;
	classes = {
	};
	objectVersion = 46;
	objects = {

/* Begin PBXBuildFile section */
		962D48D8201B62600026F1ED /* main.m in Sources */ = {isa = PBXBuildFile; fileRef = 962D48D7201B62600026F1ED /* main.m */; };
		962D48DB201B62600026F1ED /* AppDelegate.m in Sources */ = {isa = PBXBuildFile; fileRef = 962D48DA201B62600026F1ED /* AppDelegate.m */; };
		962D48DE201B62600026F1ED /* ViewController.m in Sources */ = {isa = PBXBuildFile; fileRef = 962D48DD201B62600026F1ED /* ViewController.m */; };
		962D48E1201B62600026F1ED /* Main.storyboard in Resources */ = {isa = PBXBuildFile; fileRef = 962D48DF201B62600026F1ED /* Main.storyboard */; };
		962D48E3201B62600026F1ED /* Assets.xcassets in Resources */ = {isa = PBXBuildFile; fileRef = 962D48E2201B62600026F1ED /* Assets.xcassets */; };
		962D48E6201B62600026F1ED /* LaunchScreen.storyboard in Resources */ = {isa = PBXBuildFile; fileRef = 962D48E4201B62600026F1ED /* LaunchScreen.storyboard */; };
		962D48F1201B62600026F1ED /* OpenLibTestTests.m in Sources */ = {isa = PBXBuildFile; fileRef = 962D48F0201B62600026F1ED /* OpenLibTestTests.m */; };
		962D48FC201B62600026F1ED /* OpenLibTestUITests.m in Sources */ = {isa = PBXBuildFile; fileRef = 962D48FB201B62600026F1ED /* OpenLibTestUITests.m */; };
/* End PBXBuildFile section */

/* Begin PBXContainerItemProxy section */
		962D48ED201B62600026F1ED /* PBXContainerItemProxy */ = {
			isa = PBXContainerItemProxy;
			containerPortal = 962D48CB201B62600026F1ED /* Project object */;
			proxyType = 1;
			remoteGlobalIDString = 962D48D2201B62600026F1ED;
			remoteInfo = OpenLibTest;
		};
		962D48F8201B62600026F1ED /* PBXContainerItemProxy */ = {
			isa = PBXContainerItemProxy;
			containerPortal = 962D48CB201B62600026F1ED /* Project object */;
			proxyType = 1;
			remoteGlobalIDString = 962D48D2201B62600026F1ED;
			remoteInfo = OpenLibTest;
		};
/* End PBXContainerItemProxy section */

/* Begin PBXFileReference section */
		962D48D3201B62600026F1ED /* OpenLibTest.app */ = {isa = PBXFileReference; explicitFileType = wrapper.application; includeInIndex = 0; path = OpenLibTest.app; sourceTree = BUILT_PRODUCTS_DIR; };
		962D48D7201B62600026F1ED /* main.m */ = {isa = PBXFileReference; lastKnownFileType = sourcecode.c.objc; path = main.m; sourceTree = "<group>"; };
		962D48D9201B62600026F1ED /* AppDelegate.h */ = {isa = PBXFileReference; lastKnownFileType = sourcecode.c.h; path = AppDelegate.h; sourceTree = "<group>"; };
		962D48DA201B62600026F1ED /* AppDelegate.m */ = {isa = PBXFileReference; lastKnownFileType = sourcecode.c.objc; path = AppDelegate.m; sourceTree = "<group>"; };
		962D48DC201B62600026F1ED /* ViewController.h */ = {isa = PBXFileReference; lastKnownFileType = sourcecode.c.h; path = ViewController.h; sourceTree = "<group>"; };
		962D48DD201B62600026F1ED /* ViewController.m */ = {isa = PBXFileReference; lastKnownFileType = sourcecode.c.objc; path = ViewController.m; sourceTree = "<group>"; };
		962D48E0201B62600026F1ED /* Base */ = {isa = PBXFileReference; lastKnownFileType = file.storyboard; name = Base; path = Base.lproj/Main.storyboard; sourceTree = "<group>"; };
		962D48E2201B62600026F1ED /* Assets.xcassets */ = {isa = PBXFileReference; lastKnownFileType = folder.assetcatalog; path = Assets.xcassets; sourceTree = "<group>"; };
		962D48E5201B62600026F1ED /* Base */ = {isa = PBXFileReference; lastKnownFileType = file.storyboard; name = Base; path = Base.lproj/LaunchScreen.storyboard; sourceTree = "<group>"; };
		962D48E7201B62600026F1ED /* Info.plist */ = {isa = PBXFileReference; lastKnownFileType = text.plist.xml; path = Info.plist; sourceTree = "<group>"; };
		962D48EC201B62600026F1ED /* OpenLibTestTests.xctest */ = {isa = PBXFileReference; explicitFileType = wrapper.cfbundle; includeInIndex = 0; path = OpenLibTestTests.xctest; sourceTree = BUILT_PRODUCTS_DIR; };
		962D48F0201B62600026F1ED /* OpenLibTestTests.m */ = {isa = PBXFileReference; lastKnownFileType = sourcecode.c.objc; path = OpenLibTestTests.m; sourceTree = "<group>"; };
		962D48F2201B62600026F1ED /* Info.plist */ = {isa = PBXFileReference; lastKnownFileType = text.plist.xml; path = Info.plist; sourceTree = "<group>"; };
		962D48F7201B62600026F1ED /* OpenLibTestUITests.xctest */ = {isa = PBXFileReference; explicitFileType = wrapper.cfbundle; includeInIndex = 0; path = OpenLibTestUITests.xctest; sourceTree = BUILT_PRODUCTS_DIR; };
		962D48FB201B62600026F1ED /* OpenLibTestUITests.m */ = {isa = PBXFileReference; lastKnownFileType = sourcecode.c.objc; path = OpenLibTestUITests.m; sourceTree = "<group>"; };
		962D48FD201B62600026F1ED /* Info.plist */ = {isa = PBXFileReference; lastKnownFileType = text.plist.xml; path = Info.plist; sourceTree = "<group>"; };
/* End PBXFileReference section */

/* Begin PBXFrameworksBuildPhase section */
		962D48D0201B62600026F1ED /* Frameworks */ = {
			isa = PBXFrameworksBuildPhase;
			buildActionMask = 2147483647;
			files = (
			);
			runOnlyForDeploymentPostprocessing = 0;
		};
		962D48E9201B62600026F1ED /* Frameworks */ = {
			isa = PBXFrameworksBuildPhase;
			buildActionMask = 2147483647;
			files = (
			);
			runOnlyForDeploymentPostprocessing = 0;
		};
		962D48F4201B62600026F1ED /* Frameworks */ = {
			isa = PBXFrameworksBuildPhase;
			buildActionMask = 2147483647;
			files = (
			);
			runOnlyForDeploymentPostprocessing = 0;
		};
/* End PBXFrameworksBuildPhase section */

/* Begin PBXGroup section */
		962D48CA201B62600026F1ED = {
			isa = PBXGroup;
			children = (
				962D48D5201B62600026F1ED /* OpenLibTest */,
				962D48EF201B62600026F1ED /* OpenLibTestTests */,
				962D48FA201B62600026F1ED /* OpenLibTestUITests */,
				962D48D4201B62600026F1ED /* Products */,
			);
			sourceTree = "<group>";
		};
		962D48D4201B62600026F1ED /* Products */ = {
			isa = PBXGroup;
			children = (
				962D48D3201B62600026F1ED /* OpenLibTest.app */,
				962D48EC201B62600026F1ED /* OpenLibTestTests.xctest */,
				962D48F7201B62600026F1ED /* OpenLibTestUITests.xctest */,
			);
			name = Products;
			sourceTree = "<group>";
		};
		962D48D5201B62600026F1ED /* OpenLibTest */ = {
			isa = PBXGroup;
			children = (
				962D48D9201B62600026F1ED /* AppDelegate.h */,
				962D48DA201B62600026F1ED /* AppDelegate.m */,
				962D48DC201B62600026F1ED /* ViewController.h */,
				962D48DD201B62600026F1ED /* ViewController.m */,
				962D48DF201B62600026F1ED /* Main.storyboard */,
				962D48E2201B62600026F1ED /* Assets.xcassets */,
				962D48E4201B62600026F1ED /* LaunchScreen.storyboard */,
				962D48E7201B62600026F1ED /* Info.plist */,
				962D48D6201B62600026F1ED /* Supporting Files */,
			);
			path = OpenLibTest;
			sourceTree = "<group>";
		};
		962D48D6201B62600026F1ED /* Supporting Files */ = {
			isa = PBXGroup;
			children = (
				962D48D7201B62600026F1ED /* main.m */,
			);
			name = "Supporting Files";
			sourceTree = "<group>";
		};
		962D48EF201B62600026F1ED /* OpenLibTestTests */ = {
			isa = PBXGroup;
			children = (
				962D48F0201B62600026F1ED /* OpenLibTestTests.m */,
				962D48F2201B62600026F1ED /* Info.plist */,
			);
			path = OpenLibTestTests;
			sourceTree = "<group>";
		};
		962D48FA201B62600026F1ED /* OpenLibTestUITests */ = {
			isa = PBXGroup;
			children = (
				962D48FB201B62600026F1ED /* OpenLibTestUITests.m */,
				962D48FD201B62600026F1ED /* Info.plist */,
			);
			path = OpenLibTestUITests;
			sourceTree = "<group>";
		};
/* End PBXGroup section */

/* Begin PBXNativeTarget section */
		962D48D2201B62600026F1ED /* OpenLibTest */ = {
			isa = PBXNativeTarget;
			buildConfigurationList = 962D4900201B62600026F1ED /* Build configuration list for PBXNativeTarget "OpenLibTest" */;
			buildPhases = (
				962D48CF201B62600026F1ED /* Sources */,
				962D48D0201B62600026F1ED /* Frameworks */,
				962D48D1201B62600026F1ED /* Resources */,
			);
			buildRules = (
			);
			dependencies = (
			);
			name = OpenLibTest;
			productName = OpenLibTest;
			productReference = 962D48D3201B62600026F1ED /* OpenLibTest.app */;
			productType = "com.apple.product-type.application";
		};
		962D48EB201B62600026F1ED /* OpenLibTestTests */ = {
			isa = PBXNativeTarget;
			buildConfigurationList = 962D4903201B62600026F1ED /* Build configuration list for PBXNativeTarget "OpenLibTestTests" */;
			buildPhases = (
				962D48E8201B62600026F1ED /* Sources */,
				962D48E9201B62600026F1ED /* Frameworks */,
				962D48EA201B62600026F1ED /* Resources */,
			);
			buildRules = (
			);
			dependencies = (
				962D48EE201B62600026F1ED /* PBXTargetDependency */,
			);
			name = OpenLibTestTests;
			productName = OpenLibTestTests;
			productReference = 962D48EC201B62600026F1ED /* OpenLibTestTests.xctest */;
			productType = "com.apple.product-type.bundle.unit-test";
		};
		962D48F6201B62600026F1ED /* OpenLibTestUITests */ = {
			isa = PBXNativeTarget;
			buildConfigurationList = 962D4906201B62600026F1ED /* Build configuration list for PBXNativeTarget "OpenLibTestUITests" */;
			buildPhases = (
				962D48F3201B62600026F1ED /* Sources */,
				962D48F4201B62600026F1ED /* Frameworks */,
				962D48F5201B62600026F1ED /* Resources */,
			);
			buildRules = (
			);
			dependencies = (
				962D48F9201B62600026F1ED /* PBXTargetDependency */,
			);
			name = OpenLibTestUITests;
			productName = OpenLibTestUITests;
			productReference = 962D48F7201B62600026F1ED /* OpenLibTestUITests.xctest */;
			productType = "com.apple.product-type.bundle.ui-testing";
		};
/* End PBXNativeTarget section */

/* Begin PBXProject section */
		962D48CB201B62600026F1ED /* Project object */ = {
			isa = PBXProject;
			attributes = {
				LastUpgradeCheck = 0820;
				ORGANIZATIONNAME = COE;
				TargetAttributes = {
					962D48D2201B62600026F1ED = {
						CreatedOnToolsVersion = 8.2.1;
						ProvisioningStyle = Automatic;
					};
					962D48EB201B62600026F1ED = {
						CreatedOnToolsVersion = 8.2.1;
						ProvisioningStyle = Automatic;
						TestTargetID = 962D48D2201B62600026F1ED;
					};
					962D48F6201B62600026F1ED = {
						CreatedOnToolsVersion = 8.2.1;
						ProvisioningStyle = Automatic;
						TestTargetID = 962D48D2201B62600026F1ED;
					};
				};
			};
			buildConfigurationList = 962D48CE201B62600026F1ED /* Build configuration list for PBXProject "OpenLibTest" */;
			compatibilityVersion = "Xcode 3.2";
			developmentRegion = English;
			hasScannedForEncodings = 0;
			knownRegions = (
				en,
				Base,
			);
			mainGroup = 962D48CA201B62600026F1ED;
			productRefGroup = 962D48D4201B62600026F1ED /* Products */;
			projectDirPath = "";
			projectRoot = "";
			targets = (
				962D48D2201B62600026F1ED /* OpenLibTest */,
				962D48EB201B62600026F1ED /* OpenLibTestTests */,
				962D48F6201B62600026F1ED /* OpenLibTestUITests */,
			);
		};
/* End PBXProject section */

/* Begin PBXResourcesBuildPhase section */
		962D48D1201B62600026F1ED /* Resources */ = {
			isa = PBXResourcesBuildPhase;
			buildActionMask = 2147483647;
			files = (
				962D48E6201B62600026F1ED /* LaunchScreen.storyboard in Resources */,
				962D48E3201B62600026F1ED /* Assets.xcassets in Resources */,
				962D48E1201B62600026F1ED /* Main.storyboard in Resources */,
			);
			runOnlyForDeploymentPostprocessing = 0;
		};
		962D48EA201B62600026F1ED /* Resources */ = {
			isa = PBXResourcesBuildPhase;
			buildActionMask = 2147483647;
			files = (
			);
			runOnlyForDeploymentPostprocessing = 0;
		};
		962D48F5201B62600026F1ED /* Resources */ = {
			isa = PBXResourcesBuildPhase;
			buildActionMask = 2147483647;
			files = (
			);
			runOnlyForDeploymentPostprocessing = 0;
		};
/* End PBXResourcesBuildPhase section */

/* Begin PBXSourcesBuildPhase section */
		962D48CF201B62600026F1ED /* Sources */ = {
			isa = PBXSourcesBuildPhase;
			buildActionMask = 2147483647;
			files = (
				962D48DE201B62600026F1ED /* ViewController.m in Sources */,
				962D48DB201B62600026F1ED /* AppDelegate.m in Sources */,
				962D48D8201B62600026F1ED /* main.m in Sources */,
			);
			runOnlyForDeploymentPostprocessing = 0;
		};
		962D48E8201B62600026F1ED /* Sources */ = {
			isa = PBXSourcesBuildPhase;
			buildActionMask = 2147483647;
			files = (
				962D48F1201B62600026F1ED /* OpenLibTestTests.m in Sources */,
			);
			runOnlyForDeploymentPostprocessing = 0;
		};
		962D48F3201B62600026F1ED /* Sources */ = {
			isa = PBXSourcesBuildPhase;
			buildActionMask = 2147483647;
			files = (
				962D48FC201B62600026F1ED /* OpenLibTestUITests.m in Sources */,
			);
			runOnlyForDeploymentPostprocessing = 0;
		};
/* End PBXSourcesBuildPhase section */

/* Begin PBXTargetDependency section */
		962D48EE201B62600026F1ED /* PBXTargetDependency */ = {
			isa = PBXTargetDependency;
			target = 962D48D2201B62600026F1ED /* OpenLibTest */;
			targetProxy = 962D48ED201B62600026F1ED /* PBXContainerItemProxy */;
		};
		962D48F9201B62600026F1ED /* PBXTargetDependency */ = {
			isa = PBXTargetDependency;
			target = 962D48D2201B62600026F1ED /* OpenLibTest */;
			targetProxy = 962D48F8201B62600026F1ED /* PBXContainerItemProxy */;
		};
/* End PBXTargetDependency section */

/* Begin PBXVariantGroup section */
		962D48DF201B62600026F1ED /* Main.storyboard */ = {
			isa = PBXVariantGroup;
			children = (
				962D48E0201B62600026F1ED /* Base */,
			);
			name = Main.storyboard;
			sourceTree = "<group>";
		};
		962D48E4201B62600026F1ED /* LaunchScreen.storyboard */ = {
			isa = PBXVariantGroup;
			children = (
				962D48E5201B62600026F1ED /* Base */,
			);
			name = LaunchScreen.storyboard;
			sourceTree = "<group>";
		};
/* End PBXVariantGroup section */

/* Begin XCBuildConfiguration section */
		962D48FE201B62600026F1ED /* Debug */ = {
			isa = XCBuildConfiguration;
			buildSettings = {
				ALWAYS_SEARCH_USER_PATHS = NO;
				CLANG_ANALYZER_NONNULL = YES;
				CLANG_CXX_LANGUAGE_STANDARD = "gnu++0x";
				CLANG_CXX_LIBRARY = "libc++";
				CLANG_ENABLE_MODULES = YES;
				CLANG_ENABLE_OBJC_ARC = YES;
				CLANG_WARN_BOOL_CONVERSION = YES;
				CLANG_WARN_CONSTANT_CONVERSION = YES;
				CLANG_WARN_DIRECT_OBJC_ISA_USAGE = YES_ERROR;
				CLANG_WARN_DOCUMENTATION_COMMENTS = YES;
				CLANG_WARN_EMPTY_BODY = YES;
				CLANG_WARN_ENUM_CONVERSION = YES;
				CLANG_WARN_INFINITE_RECURSION = YES;
				CLANG_WARN_INT_CONVERSION = YES;
				CLANG_WARN_OBJC_ROOT_CLASS = YES_ERROR;
				CLANG_WARN_SUSPICIOUS_MOVE = YES;
				CLANG_WARN_UNREACHABLE_CODE = YES;
				CLANG_WARN__DUPLICATE_METHOD_MATCH = YES;
				"CODE_SIGN_IDENTITY[sdk=iphoneos*]" = "iPhone Developer";
				COPY_PHASE_STRIP = NO;
				DEBUG_INFORMATION_FORMAT = dwarf;
				ENABLE_STRICT_OBJC_MSGSEND = YES;
				ENABLE_TESTABILITY = YES;
				GCC_C_LANGUAGE_STANDARD = gnu99;
				GCC_DYNAMIC_NO_PIC = NO;
				GCC_NO_COMMON_BLOCKS = YES;
				GCC_OPTIMIZATION_LEVEL = 0;
				GCC_PREPROCESSOR_DEFINITIONS = (
					"DEBUG=1",
					"$(inherited)",
				);
				GCC_WARN_64_TO_32_BIT_CONVERSION = YES;
				GCC_WARN_ABOUT_RETURN_TYPE = YES_ERROR;
				GCC_WARN_UNDECLARED_SELECTOR = YES;
				GCC_WARN_UNINITIALIZED_AUTOS = YES_AGGRESSIVE;
				GCC_WARN_UNUSED_FUNCTION = YES;
				GCC_WARN_UNUSED_VARIABLE = YES;
				IPHONEOS_DEPLOYMENT_TARGET = 10.2;
				MTL_ENABLE_DEBUG_INFO = YES;
				ONLY_ACTIVE_ARCH = YES;
				SDKROOT = iphoneos;
			};
			name = Debug;
		};
		962D48FF201B62600026F1ED /* Release */ = {
			isa = XCBuildConfiguration;
			buildSettings = {
				ALWAYS_SEARCH_USER_PATHS = NO;
				CLANG_ANALYZER_NONNULL = YES;
				CLANG_CXX_LANGUAGE_STANDARD = "gnu++0x";
				CLANG_CXX_LIBRARY = "libc++";
				CLANG_ENABLE_MODULES = YES;
				CLANG_ENABLE_OBJC_ARC = YES;
				CLANG_WARN_BOOL_CONVERSION = YES;
				CLANG_WARN_CONSTANT_CONVERSION = YES;
				CLANG_WARN_DIRECT_OBJC_ISA_USAGE = YES_ERROR;
				CLANG_WARN_DOCUMENTATION_COMMENTS = YES;
				CLANG_WARN_EMPTY_BODY = YES;
				CLANG_WARN_ENUM_CONVERSION = YES;
				CLANG_WARN_INFINITE_RECURSION = YES;
				CLANG_WARN_INT_CONVERSION = YES;
				CLANG_WARN_OBJC_ROOT_CLASS = YES_ERROR;
				CLANG_WARN_SUSPICIOUS_MOVE = YES;
				CLANG_WARN_UNREACHABLE_CODE = YES;
				CLANG_WARN__DUPLICATE_METHOD_MATCH = YES;
				"CODE_SIGN_IDENTITY[sdk=iphoneos*]" = "iPhone Developer";
				COPY_PHASE_STRIP = NO;
				DEBUG_INFORMATION_FORMAT = "dwarf-with-dsym";
				ENABLE_NS_ASSERTIONS = NO;
				ENABLE_STRICT_OBJC_MSGSEND = YES;
				GCC_C_LANGUAGE_STANDARD = gnu99;
				GCC_NO_COMMON_BLOCKS = YES;
				GCC_WARN_64_TO_32_BIT_CONVERSION = YES;
				GCC_WARN_ABOUT_RETURN_TYPE = YES_ERROR;
				GCC_WARN_UNDECLARED_SELECTOR = YES;
				GCC_WARN_UNINITIALIZED_AUTOS = YES_AGGRESSIVE;
				GCC_WARN_UNUSED_FUNCTION = YES;
				GCC_WARN_UNUSED_VARIABLE = YES;
				IPHONEOS_DEPLOYMENT_TARGET = 10.2;
				MTL_ENABLE_DEBUG_INFO = NO;
				SDKROOT = iphoneos;
				VALIDATE_PRODUCT = YES;
			};
			name = Release;
		};
		962D4901201B62600026F1ED /* Debug */ = {
			isa = XCBuildConfiguration;
			buildSettings = {
				ASSETCATALOG_COMPILER_APPICON_NAME = AppIcon;
				INFOPLIST_FILE = OpenLibTest/Info.plist;
				LD_RUNPATH_SEARCH_PATHS = "$(inherited) @executable_path/Frameworks";
				PRODUCT_BUNDLE_IDENTIFIER = com.coe.OpenLibTest;
				PRODUCT_NAME = "$(TARGET_NAME)";
			};
			name = Debug;
		};
		962D4902201B62600026F1ED /* Release */ = {
			isa = XCBuildConfiguration;
			buildSettings = {
				ASSETCATALOG_COMPILER_APPICON_NAME = AppIcon;
				INFOPLIST_FILE = OpenLibTest/Info.plist;
				LD_RUNPATH_SEARCH_PATHS = "$(inherited) @executable_path/Frameworks";
				PRODUCT_BUNDLE_IDENTIFIER = com.coe.OpenLibTest;
				PRODUCT_NAME = "$(TARGET_NAME)";
			};
			name = Release;
		};
		962D4904201B62600026F1ED /* Debug */ = {
			isa = XCBuildConfiguration;
			buildSettings = {
				BUNDLE_LOADER = "$(TEST_HOST)";
				INFOPLIST_FILE = OpenLibTestTests/Info.plist;
				LD_RUNPATH_SEARCH_PATHS = "$(inherited) @executable_path/Frameworks @loader_path/Frameworks";
				PRODUCT_BUNDLE_IDENTIFIER = com.coe.OpenLibTestTests;
				PRODUCT_NAME = "$(TARGET_NAME)";
				TEST_HOST = "$(BUILT_PRODUCTS_DIR)/OpenLibTest.app/OpenLibTest";
			};
			name = Debug;
		};
		962D4905201B62600026F1ED /* Release */ = {
			isa = XCBuildConfiguration;
			buildSettings = {
				BUNDLE_LOADER = "$(TEST_HOST)";
				INFOPLIST_FILE = OpenLibTestTests/Info.plist;
				LD_RUNPATH_SEARCH_PATHS = "$(inherited) @executable_path/Frameworks @loader_path/Frameworks";
				PRODUCT_BUNDLE_IDENTIFIER = com.coe.OpenLibTestTests;
				PRODUCT_NAME = "$(TARGET_NAME)";
				TEST_HOST = "$(BUILT_PRODUCTS_DIR)/OpenLibTest.app/OpenLibTest";
			};
			name = Release;
		};
		962D4907201B62600026F1ED /* Debug */ = {
			isa = XCBuildConfiguration;
			buildSettings = {
				INFOPLIST_FILE = OpenLibTestUITests/Info.plist;
				LD_RUNPATH_SEARCH_PATHS = "$(inherited) @executable_path/Frameworks @loader_path/Frameworks";
				PRODUCT_BUNDLE_IDENTIFIER = com.coe.OpenLibTestUITests;
				PRODUCT_NAME = "$(TARGET_NAME)";
				TEST_TARGET_NAME = OpenLibTest;
			};
			name = Debug;
		};
		962D4908201B62600026F1ED /* Release */ = {
			isa = XCBuildConfiguration;
			buildSettings = {
				INFOPLIST_FILE = OpenLibTestUITests/Info.plist;
				LD_RUNPATH_SEARCH_PATHS = "$(inherited) @executable_path/Frameworks @loader_path/Frameworks";
				PRODUCT_BUNDLE_IDENTIFIER = com.coe.OpenLibTestUITests;
				PRODUCT_NAME = "$(TARGET_NAME)";
				TEST_TARGET_NAME = OpenLibTest;
			};
			name = Release;
		};
/* End XCBuildConfiguration section */

/* Begin XCConfigurationList section */
		962D48CE201B62600026F1ED /* Build configuration list for PBXProject "OpenLibTest" */ = {
			isa = XCConfigurationList;
			buildConfigurations = (
				962D48FE201B62600026F1ED /* Debug */,
				962D48FF201B62600026F1ED /* Release */,
			);
			defaultConfigurationIsVisible = 0;
			defaultConfigurationName = Release;
		};
		962D4900201B62600026F1ED /* Build configuration list for PBXNativeTarget "OpenLibTest" */ = {
			isa = XCConfigurationList;
			buildConfigurations = (
				962D4901201B62600026F1ED /* Debug */,
				962D4902201B62600026F1ED /* Release */,
			);
			defaultConfigurationIsVisible = 0;
		};
		962D4903201B62600026F1ED /* Build configuration list for PBXNativeTarget "OpenLibTestTests" */ = {
			isa = XCConfigurationList;
			buildConfigurations = (
				962D4904201B62600026F1ED /* Debug */,
				962D4905201B62600026F1ED /* Release */,
			);
			defaultConfigurationIsVisible = 0;
		};
		962D4906201B62600026F1ED /* Build configuration list for PBXNativeTarget "OpenLibTestUITests" */ = {
			isa = XCConfigurationList;
			buildConfigurations = (
				962D4907201B62600026F1ED /* Debug */,
				962D4908201B62600026F1ED /* Release */,
			);
			defaultConfigurationIsVisible = 0;
		};
/* End XCConfigurationList section */
	};
	rootObject = 962D48CB201B62600026F1ED /* Project object */;
}
